// !$*UTF8*$!
{
	archiveVersion = 1;
	classes = {
	};
	objectVersion = 46;
	objects = {

/* Begin PBXBuildFile section */
		F563C2DC17EF7C9200460385 /* Foundation.framework in Frameworks */ = {isa = PBXBuildFile; fileRef = F563C2DB17EF7C9200460385 /* Foundation.framework */; };
		F563C2DE17EF7C9200460385 /* CoreGraphics.framework in Frameworks */ = {isa = PBXBuildFile; fileRef = F563C2DD17EF7C9200460385 /* CoreGraphics.framework */; };
		F563C2E017EF7C9200460385 /* UIKit.framework in Frameworks */ = {isa = PBXBuildFile; fileRef = F563C2DF17EF7C9200460385 /* UIKit.framework */; };
		F563C2E217EF7C9200460385 /* SpriteKit.framework in Frameworks */ = {isa = PBXBuildFile; fileRef = F563C2E117EF7C9200460385 /* SpriteKit.framework */; };
		F563C2E817EF7C9200460385 /* InfoPlist.strings in Resources */ = {isa = PBXBuildFile; fileRef = F563C2E617EF7C9200460385 /* InfoPlist.strings */; };
		F563C2EA17EF7C9200460385 /* main.m in Sources */ = {isa = PBXBuildFile; fileRef = F563C2E917EF7C9200460385 /* main.m */; };
		F563C2EE17EF7C9200460385 /* AppDelegate.m in Sources */ = {isa = PBXBuildFile; fileRef = F563C2ED17EF7C9200460385 /* AppDelegate.m */; };
		F563C2F117EF7C9200460385 /* Main.storyboard in Resources */ = {isa = PBXBuildFile; fileRef = F563C2EF17EF7C9200460385 /* Main.storyboard */; };
		F563C2F417EF7C9200460385 /* ViewController.m in Sources */ = {isa = PBXBuildFile; fileRef = F563C2F317EF7C9200460385 /* ViewController.m */; };
		F563C2F717EF7C9200460385 /* MyScene.m in Sources */ = {isa = PBXBuildFile; fileRef = F563C2F617EF7C9200460385 /* MyScene.m */; };
		F563C2F917EF7C9200460385 /* Spaceship.png in Resources */ = {isa = PBXBuildFile; fileRef = F563C2F817EF7C9200460385 /* Spaceship.png */; };
		F563C2FB17EF7C9200460385 /* Images.xcassets in Resources */ = {isa = PBXBuildFile; fileRef = F563C2FA17EF7C9200460385 /* Images.xcassets */; };
		F563C30217EF7C9200460385 /* XCTest.framework in Frameworks */ = {isa = PBXBuildFile; fileRef = F563C30117EF7C9200460385 /* XCTest.framework */; };
		F563C30317EF7C9200460385 /* Foundation.framework in Frameworks */ = {isa = PBXBuildFile; fileRef = F563C2DB17EF7C9200460385 /* Foundation.framework */; };
		F563C30417EF7C9200460385 /* UIKit.framework in Frameworks */ = {isa = PBXBuildFile; fileRef = F563C2DF17EF7C9200460385 /* UIKit.framework */; };
		F563C30C17EF7C9200460385 /* InfoPlist.strings in Resources */ = {isa = PBXBuildFile; fileRef = F563C30A17EF7C9200460385 /* InfoPlist.strings */; };
		F563C30E17EF7C9200460385 /* Stony_BirdsTests.m in Sources */ = {isa = PBXBuildFile; fileRef = F563C30D17EF7C9200460385 /* Stony_BirdsTests.m */; };
/* End PBXBuildFile section */

/* Begin PBXContainerItemProxy section */
		F563C30517EF7C9200460385 /* PBXContainerItemProxy */ = {
			isa = PBXContainerItemProxy;
			containerPortal = F563C2D017EF7C9200460385 /* Project object */;
			proxyType = 1;
			remoteGlobalIDString = F563C2D717EF7C9200460385;
			remoteInfo = "Stony Birds";
		};
/* End PBXContainerItemProxy section */

/* Begin PBXFileReference section */
		F563C2D817EF7C9200460385 /* Stony Birds.app */ = {isa = PBXFileReference; explicitFileType = wrapper.application; includeInIndex = 0; path = "Stony Birds.app"; sourceTree = BUILT_PRODUCTS_DIR; };
		F563C2DB17EF7C9200460385 /* Foundation.framework */ = {isa = PBXFileReference; lastKnownFileType = wrapper.framework; name = Foundation.framework; path = System/Library/Frameworks/Foundation.framework; sourceTree = SDKROOT; };
		F563C2DD17EF7C9200460385 /* CoreGraphics.framework */ = {isa = PBXFileReference; lastKnownFileType = wrapper.framework; name = CoreGraphics.framework; path = System/Library/Frameworks/CoreGraphics.framework; sourceTree = SDKROOT; };
		F563C2DF17EF7C9200460385 /* UIKit.framework */ = {isa = PBXFileReference; lastKnownFileType = wrapper.framework; name = UIKit.framework; path = System/Library/Frameworks/UIKit.framework; sourceTree = SDKROOT; };
		F563C2E117EF7C9200460385 /* SpriteKit.framework */ = {isa = PBXFileReference; lastKnownFileType = wrapper.framework; name = SpriteKit.framework; path = System/Library/Frameworks/SpriteKit.framework; sourceTree = SDKROOT; };
		F563C2E517EF7C9200460385 /* Stony Birds-Info.plist */ = {isa = PBXFileReference; lastKnownFileType = text.plist.xml; path = "Stony Birds-Info.plist"; sourceTree = "<group>"; };
		F563C2E717EF7C9200460385 /* en */ = {isa = PBXFileReference; lastKnownFileType = text.plist.strings; name = en; path = en.lproj/InfoPlist.strings; sourceTree = "<group>"; };
		F563C2E917EF7C9200460385 /* main.m */ = {isa = PBXFileReference; lastKnownFileType = sourcecode.c.objc; path = main.m; sourceTree = "<group>"; };
		F563C2EB17EF7C9200460385 /* Stony Birds-Prefix.pch */ = {isa = PBXFileReference; lastKnownFileType = sourcecode.c.h; path = "Stony Birds-Prefix.pch"; sourceTree = "<group>"; };
		F563C2EC17EF7C9200460385 /* AppDelegate.h */ = {isa = PBXFileReference; lastKnownFileType = sourcecode.c.h; path = AppDelegate.h; sourceTree = "<group>"; };
		F563C2ED17EF7C9200460385 /* AppDelegate.m */ = {isa = PBXFileReference; lastKnownFileType = sourcecode.c.objc; path = AppDelegate.m; sourceTree = "<group>"; };
		F563C2F017EF7C9200460385 /* Base */ = {isa = PBXFileReference; lastKnownFileType = file.storyboard; name = Base; path = Base.lproj/Main.storyboard; sourceTree = "<group>"; };
		F563C2F217EF7C9200460385 /* ViewController.h */ = {isa = PBXFileReference; lastKnownFileType = sourcecode.c.h; path = ViewController.h; sourceTree = "<group>"; };
		F563C2F317EF7C9200460385 /* ViewController.m */ = {isa = PBXFileReference; lastKnownFileType = sourcecode.c.objc; path = ViewController.m; sourceTree = "<group>"; };
		F563C2F517EF7C9200460385 /* MyScene.h */ = {isa = PBXFileReference; lastKnownFileType = sourcecode.c.h; path = MyScene.h; sourceTree = "<group>"; };
		F563C2F617EF7C9200460385 /* MyScene.m */ = {isa = PBXFileReference; lastKnownFileType = sourcecode.c.objc; path = MyScene.m; sourceTree = "<group>"; };
		F563C2F817EF7C9200460385 /* Spaceship.png */ = {isa = PBXFileReference; lastKnownFileType = image.png; path = Spaceship.png; sourceTree = "<group>"; };
		F563C2FA17EF7C9200460385 /* Images.xcassets */ = {isa = PBXFileReference; lastKnownFileType = folder.assetcatalog; path = Images.xcassets; sourceTree = "<group>"; };
		F563C30017EF7C9200460385 /* Stony BirdsTests.xctest */ = {isa = PBXFileReference; explicitFileType = wrapper.cfbundle; includeInIndex = 0; path = "Stony BirdsTests.xctest"; sourceTree = BUILT_PRODUCTS_DIR; };
		F563C30117EF7C9200460385 /* XCTest.framework */ = {isa = PBXFileReference; lastKnownFileType = wrapper.framework; name = XCTest.framework; path = Library/Frameworks/XCTest.framework; sourceTree = DEVELOPER_DIR; };
		F563C30917EF7C9200460385 /* Stony BirdsTests-Info.plist */ = {isa = PBXFileReference; lastKnownFileType = text.plist.xml; path = "Stony BirdsTests-Info.plist"; sourceTree = "<group>"; };
		F563C30B17EF7C9200460385 /* en */ = {isa = PBXFileReference; lastKnownFileType = text.plist.strings; name = en; path = en.lproj/InfoPlist.strings; sourceTree = "<group>"; };
		F563C30D17EF7C9200460385 /* Stony_BirdsTests.m */ = {isa = PBXFileReference; lastKnownFileType = sourcecode.c.objc; path = Stony_BirdsTests.m; sourceTree = "<group>"; };
/* End PBXFileReference section */

/* Begin PBXFrameworksBuildPhase section */
		F563C2D517EF7C9200460385 /* Frameworks */ = {
			isa = PBXFrameworksBuildPhase;
			buildActionMask = 2147483647;
			files = (
				F563C2DE17EF7C9200460385 /* CoreGraphics.framework in Frameworks */,
				F563C2E017EF7C9200460385 /* UIKit.framework in Frameworks */,
				F563C2E217EF7C9200460385 /* SpriteKit.framework in Frameworks */,
				F563C2DC17EF7C9200460385 /* Foundation.framework in Frameworks */,
			);
			runOnlyForDeploymentPostprocessing = 0;
		};
		F563C2FD17EF7C9200460385 /* Frameworks */ = {
			isa = PBXFrameworksBuildPhase;
			buildActionMask = 2147483647;
			files = (
				F563C30217EF7C9200460385 /* XCTest.framework in Frameworks */,
				F563C30417EF7C9200460385 /* UIKit.framework in Frameworks */,
				F563C30317EF7C9200460385 /* Foundation.framework in Frameworks */,
			);
			runOnlyForDeploymentPostprocessing = 0;
		};
/* End PBXFrameworksBuildPhase section */

/* Begin PBXGroup section */
		F563C2CF17EF7C9200460385 = {
			isa = PBXGroup;
			children = (
				F563C2E317EF7C9200460385 /* Stony Birds */,
				F563C30717EF7C9200460385 /* Stony BirdsTests */,
				F563C2DA17EF7C9200460385 /* Frameworks */,
				F563C2D917EF7C9200460385 /* Products */,
			);
			sourceTree = "<group>";
		};
		F563C2D917EF7C9200460385 /* Products */ = {
			isa = PBXGroup;
			children = (
				F563C2D817EF7C9200460385 /* Stony Birds.app */,
				F563C30017EF7C9200460385 /* Stony BirdsTests.xctest */,
			);
			name = Products;
			sourceTree = "<group>";
		};
		F563C2DA17EF7C9200460385 /* Frameworks */ = {
			isa = PBXGroup;
			children = (
				F563C2DB17EF7C9200460385 /* Foundation.framework */,
				F563C2DD17EF7C9200460385 /* CoreGraphics.framework */,
				F563C2DF17EF7C9200460385 /* UIKit.framework */,
				F563C2E117EF7C9200460385 /* SpriteKit.framework */,
				F563C30117EF7C9200460385 /* XCTest.framework */,
			);
			name = Frameworks;
			sourceTree = "<group>";
		};
		F563C2E317EF7C9200460385 /* Stony Birds */ = {
			isa = PBXGroup;
			children = (
				F563C2EC17EF7C9200460385 /* AppDelegate.h */,
				F563C2ED17EF7C9200460385 /* AppDelegate.m */,
				F563C2EF17EF7C9200460385 /* Main.storyboard */,
				F563C2F217EF7C9200460385 /* ViewController.h */,
				F563C2F317EF7C9200460385 /* ViewController.m */,
				F563C2F517EF7C9200460385 /* MyScene.h */,
				F563C2F617EF7C9200460385 /* MyScene.m */,
				F563C2F817EF7C9200460385 /* Spaceship.png */,
				F563C2FA17EF7C9200460385 /* Images.xcassets */,
				F563C2E417EF7C9200460385 /* Supporting Files */,
			);
			path = "Stony Birds";
			sourceTree = "<group>";
		};
		F563C2E417EF7C9200460385 /* Supporting Files */ = {
			isa = PBXGroup;
			children = (
				F563C2E517EF7C9200460385 /* Stony Birds-Info.plist */,
				F563C2E617EF7C9200460385 /* InfoPlist.strings */,
				F563C2E917EF7C9200460385 /* main.m */,
				F563C2EB17EF7C9200460385 /* Stony Birds-Prefix.pch */,
			);
			name = "Supporting Files";
			sourceTree = "<group>";
		};
		F563C30717EF7C9200460385 /* Stony BirdsTests */ = {
			isa = PBXGroup;
			children = (
				F563C30D17EF7C9200460385 /* Stony_BirdsTests.m */,
				F563C30817EF7C9200460385 /* Supporting Files */,
			);
			path = "Stony BirdsTests";
			sourceTree = "<group>";
		};
		F563C30817EF7C9200460385 /* Supporting Files */ = {
			isa = PBXGroup;
			children = (
				F563C30917EF7C9200460385 /* Stony BirdsTests-Info.plist */,
				F563C30A17EF7C9200460385 /* InfoPlist.strings */,
			);
			name = "Supporting Files";
			sourceTree = "<group>";
		};
/* End PBXGroup section */

/* Begin PBXNativeTarget section */
		F563C2D717EF7C9200460385 /* Stony Birds */ = {
			isa = PBXNativeTarget;
			buildConfigurationList = F563C31117EF7C9200460385 /* Build configuration list for PBXNativeTarget "Stony Birds" */;
			buildPhases = (
				F563C2D417EF7C9200460385 /* Sources */,
				F563C2D517EF7C9200460385 /* Frameworks */,
				F563C2D617EF7C9200460385 /* Resources */,
			);
			buildRules = (
			);
			dependencies = (
			);
			name = "Stony Birds";
			productName = "Stony Birds";
			productReference = F563C2D817EF7C9200460385 /* Stony Birds.app */;
			productType = "com.apple.product-type.application";
		};
		F563C2FF17EF7C9200460385 /* Stony BirdsTests */ = {
			isa = PBXNativeTarget;
			buildConfigurationList = F563C31417EF7C9200460385 /* Build configuration list for PBXNativeTarget "Stony BirdsTests" */;
			buildPhases = (
				F563C2FC17EF7C9200460385 /* Sources */,
				F563C2FD17EF7C9200460385 /* Frameworks */,
				F563C2FE17EF7C9200460385 /* Resources */,
			);
			buildRules = (
			);
			dependencies = (
				F563C30617EF7C9200460385 /* PBXTargetDependency */,
			);
			name = "Stony BirdsTests";
			productName = "Stony BirdsTests";
			productReference = F563C30017EF7C9200460385 /* Stony BirdsTests.xctest */;
			productType = "com.apple.product-type.bundle.unit-test";
		};
/* End PBXNativeTarget section */

/* Begin PBXProject section */
		F563C2D017EF7C9200460385 /* Project object */ = {
			isa = PBXProject;
			attributes = {
				LastUpgradeCheck = 0500;
				ORGANIZATIONNAME = "Jimmy Bouker";
				TargetAttributes = {
					F563C2FF17EF7C9200460385 = {
						TestTargetID = F563C2D717EF7C9200460385;
					};
				};
			};
			buildConfigurationList = F563C2D317EF7C9200460385 /* Build configuration list for PBXProject "Stony Birds" */;
			compatibilityVersion = "Xcode 3.2";
			developmentRegion = English;
			hasScannedForEncodings = 0;
			knownRegions = (
				en,
				Base,
			);
			mainGroup = F563C2CF17EF7C9200460385;
			productRefGroup = F563C2D917EF7C9200460385 /* Products */;
			projectDirPath = "";
			projectRoot = "";
			targets = (
				F563C2D717EF7C9200460385 /* Stony Birds */,
				F563C2FF17EF7C9200460385 /* Stony BirdsTests */,
			);
		};
/* End PBXProject section */

/* Begin PBXResourcesBuildPhase section */
		F563C2D617EF7C9200460385 /* Resources */ = {
			isa = PBXResourcesBuildPhase;
			buildActionMask = 2147483647;
			files = (
				F563C2E817EF7C9200460385 /* InfoPlist.strings in Resources */,
				F563C2FB17EF7C9200460385 /* Images.xcassets in Resources */,
				F563C2F917EF7C9200460385 /* Spaceship.png in Resources */,
				F563C2F117EF7C9200460385 /* Main.storyboard in Resources */,
			);
			runOnlyForDeploymentPostprocessing = 0;
		};
		F563C2FE17EF7C9200460385 /* Resources */ = {
			isa = PBXResourcesBuildPhase;
			buildActionMask = 2147483647;
			files = (
				F563C30C17EF7C9200460385 /* InfoPlist.strings in Resources */,
			);
			runOnlyForDeploymentPostprocessing = 0;
		};
/* End PBXResourcesBuildPhase section */

/* Begin PBXSourcesBuildPhase section */
		F563C2D417EF7C9200460385 /* Sources */ = {
			isa = PBXSourcesBuildPhase;
			buildActionMask = 2147483647;
			files = (
				F563C2F717EF7C9200460385 /* MyScene.m in Sources */,
				F563C2F417EF7C9200460385 /* ViewController.m in Sources */,
				F563C2EE17EF7C9200460385 /* AppDelegate.m in Sources */,
				F563C2EA17EF7C9200460385 /* main.m in Sources */,
			);
			runOnlyForDeploymentPostprocessing = 0;
		};
		F563C2FC17EF7C9200460385 /* Sources */ = {
			isa = PBXSourcesBuildPhase;
			buildActionMask = 2147483647;
			files = (
				F563C30E17EF7C9200460385 /* Stony_BirdsTests.m in Sources */,
			);
			runOnlyForDeploymentPostprocessing = 0;
		};
/* End PBXSourcesBuildPhase section */

/* Begin PBXTargetDependency section */
		F563C30617EF7C9200460385 /* PBXTargetDependency */ = {
			isa = PBXTargetDependency;
			target = F563C2D717EF7C9200460385 /* Stony Birds */;
			targetProxy = F563C30517EF7C9200460385 /* PBXContainerItemProxy */;
		};
/* End PBXTargetDependency section */

/* Begin PBXVariantGroup section */
		F563C2E617EF7C9200460385 /* InfoPlist.strings */ = {
			isa = PBXVariantGroup;
			children = (
				F563C2E717EF7C9200460385 /* en */,
			);
			name = InfoPlist.strings;
			sourceTree = "<group>";
		};
		F563C2EF17EF7C9200460385 /* Main.storyboard */ = {
			isa = PBXVariantGroup;
			children = (
				F563C2F017EF7C9200460385 /* Base */,
			);
			name = Main.storyboard;
			sourceTree = "<group>";
		};
		F563C30A17EF7C9200460385 /* InfoPlist.strings */ = {
			isa = PBXVariantGroup;
			children = (
				F563C30B17EF7C9200460385 /* en */,
			);
			name = InfoPlist.strings;
			sourceTree = "<group>";
		};
/* End PBXVariantGroup section */

/* Begin XCBuildConfiguration section */
		F563C30F17EF7C9200460385 /* Debug */ = {
			isa = XCBuildConfiguration;
			buildSettings = {
				ALWAYS_SEARCH_USER_PATHS = NO;
				ARCHS = "$(ARCHS_STANDARD_INCLUDING_64_BIT)";
				CLANG_CXX_LANGUAGE_STANDARD = "gnu++0x";
				CLANG_CXX_LIBRARY = "libc++";
				CLANG_ENABLE_MODULES = YES;
				CLANG_ENABLE_OBJC_ARC = YES;
				CLANG_WARN_BOOL_CONVERSION = YES;
				CLANG_WARN_CONSTANT_CONVERSION = YES;
				CLANG_WARN_DIRECT_OBJC_ISA_USAGE = YES_ERROR;
				CLANG_WARN_EMPTY_BODY = YES;
				CLANG_WARN_ENUM_CONVERSION = YES;
				CLANG_WARN_INT_CONVERSION = YES;
				CLANG_WARN_OBJC_ROOT_CLASS = YES_ERROR;
				CLANG_WARN__DUPLICATE_METHOD_MATCH = YES;
				"CODE_SIGN_IDENTITY[sdk=iphoneos*]" = "iPhone Developer";
				COPY_PHASE_STRIP = NO;
				GCC_C_LANGUAGE_STANDARD = gnu99;
				GCC_DYNAMIC_NO_PIC = NO;
				GCC_OPTIMIZATION_LEVEL = 0;
				GCC_PREPROCESSOR_DEFINITIONS = (
					"DEBUG=1",
					"$(inherited)",
				);
				GCC_SYMBOLS_PRIVATE_EXTERN = NO;
				GCC_WARN_64_TO_32_BIT_CONVERSION = YES;
				GCC_WARN_ABOUT_RETURN_TYPE = YES_ERROR;
				GCC_WARN_UNDECLARED_SELECTOR = YES;
				GCC_WARN_UNINITIALIZED_AUTOS = YES;
				GCC_WARN_UNUSED_FUNCTION = YES;
				GCC_WARN_UNUSED_VARIABLE = YES;
				IPHONEOS_DEPLOYMENT_TARGET = 7.0;
				ONLY_ACTIVE_ARCH = YES;
				SDKROOT = iphoneos;
			};
			name = Debug;
		};
		F563C31017EF7C9200460385 /* Release */ = {
			isa = XCBuildConfiguration;
			buildSettings = {
				ALWAYS_SEARCH_USER_PATHS = NO;
				ARCHS = "$(ARCHS_STANDARD_INCLUDING_64_BIT)";
				CLANG_CXX_LANGUAGE_STANDARD = "gnu++0x";
				CLANG_CXX_LIBRARY = "libc++";
				CLANG_ENABLE_MODULES = YES;
				CLANG_ENABLE_OBJC_ARC = YES;
				CLANG_WARN_BOOL_CONVERSION = YES;
				CLANG_WARN_CONSTANT_CONVERSION = YES;
				CLANG_WARN_DIRECT_OBJC_ISA_USAGE = YES_ERROR;
				CLANG_WARN_EMPTY_BODY = YES;
				CLANG_WARN_ENUM_CONVERSION = YES;
				CLANG_WARN_INT_CONVERSION = YES;
				CLANG_WARN_OBJC_ROOT_CLASS = YES_ERROR;
				CLANG_WARN__DUPLICATE_METHOD_MATCH = YES;
				"CODE_SIGN_IDENTITY[sdk=iphoneos*]" = "iPhone Developer";
				COPY_PHASE_STRIP = YES;
				ENABLE_NS_ASSERTIONS = NO;
				GCC_C_LANGUAGE_STANDARD = gnu99;
				GCC_WARN_64_TO_32_BIT_CONVERSION = YES;
				GCC_WARN_ABOUT_RETURN_TYPE = YES_ERROR;
				GCC_WARN_UNDECLARED_SELECTOR = YES;
				GCC_WARN_UNINITIALIZED_AUTOS = YES;
				GCC_WARN_UNUSED_FUNCTION = YES;
				GCC_WARN_UNUSED_VARIABLE = YES;
				IPHONEOS_DEPLOYMENT_TARGET = 7.0;
				SDKROOT = iphoneos;
				VALIDATE_PRODUCT = YES;
			};
			name = Release;
		};
		F563C31217EF7C9200460385 /* Debug */ = {
			isa = XCBuildConfiguration;
			buildSettings = {
				ASSETCATALOG_COMPILER_APPICON_NAME = AppIcon;
				ASSETCATALOG_COMPILER_LAUNCHIMAGE_NAME = LaunchImage;
				GCC_PRECOMPILE_PREFIX_HEADER = YES;
				GCC_PREFIX_HEADER = "Stony Birds/Stony Birds-Prefix.pch";
				INFOPLIST_FILE = "Stony Birds/Stony Birds-Info.plist";
				PRODUCT_NAME = "$(TARGET_NAME)";
				SPRITEKIT_TEXTURE_ATLAS_OUTPUT = YES;
				WRAPPER_EXTENSION = app;
			};
			name = Debug;
		};
		F563C31317EF7C9200460385 /* Release */ = {
			isa = XCBuildConfiguration;
			buildSettings = {
				ASSETCATALOG_COMPILER_APPICON_NAME = AppIcon;
				ASSETCATALOG_COMPILER_LAUNCHIMAGE_NAME = LaunchImage;
				GCC_PRECOMPILE_PREFIX_HEADER = YES;
				GCC_PREFIX_HEADER = "Stony Birds/Stony Birds-Prefix.pch";
				INFOPLIST_FILE = "Stony Birds/Stony Birds-Info.plist";
				PRODUCT_NAME = "$(TARGET_NAME)";
				SPRITEKIT_TEXTURE_ATLAS_OUTPUT = YES;
				WRAPPER_EXTENSION = app;
			};
			name = Release;
		};
		F563C31517EF7C9200460385 /* Debug */ = {
			isa = XCBuildConfiguration;
			buildSettings = {
				ARCHS = "$(ARCHS_STANDARD_INCLUDING_64_BIT)";
				BUNDLE_LOADER = "$(BUILT_PRODUCTS_DIR)/Stony Birds.app/Stony Birds";
				FRAMEWORK_SEARCH_PATHS = (
					"$(SDKROOT)/Developer/Library/Frameworks",
					"$(inherited)",
					"$(DEVELOPER_FRAMEWORKS_DIR)",
				);
				GCC_PRECOMPILE_PREFIX_HEADER = YES;
				GCC_PREFIX_HEADER = "Stony Birds/Stony Birds-Prefix.pch";
				GCC_PREPROCESSOR_DEFINITIONS = (
					"DEBUG=1",
					"$(inherited)",
				);
				INFOPLIST_FILE = "Stony BirdsTests/Stony BirdsTests-Info.plist";
				PRODUCT_NAME = "$(TARGET_NAME)";
				TEST_HOST = "$(BUNDLE_LOADER)";
				WRAPPER_EXTENSION = xctest;
			};
			name = Debug;
		};
		F563C31617EF7C9200460385 /* Release */ = {
			isa = XCBuildConfiguration;
			buildSettings = {
				ARCHS = "$(ARCHS_STANDARD_INCLUDING_64_BIT)";
				BUNDLE_LOADER = "$(BUILT_PRODUCTS_DIR)/Stony Birds.app/Stony Birds";
				FRAMEWORK_SEARCH_PATHS = (
					"$(SDKROOT)/Developer/Library/Frameworks",
					"$(inherited)",
					"$(DEVELOPER_FRAMEWORKS_DIR)",
				);
				GCC_PRECOMPILE_PREFIX_HEADER = YES;
				GCC_PREFIX_HEADER = "Stony Birds/Stony Birds-Prefix.pch";
				INFOPLIST_FILE = "Stony BirdsTests/Stony BirdsTests-Info.plist";
				PRODUCT_NAME = "$(TARGET_NAME)";
				TEST_HOST = "$(BUNDLE_LOADER)";
				WRAPPER_EXTENSION = xctest;
			};
			name = Release;
		};
/* End XCBuildConfiguration section */

/* Begin XCConfigurationList section */
		F563C2D317EF7C9200460385 /* Build configuration list for PBXProject "Stony Birds" */ = {
			isa = XCConfigurationList;
			buildConfigurations = (
				F563C30F17EF7C9200460385 /* Debug */,
				F563C31017EF7C9200460385 /* Release */,
			);
			defaultConfigurationIsVisible = 0;
			defaultConfigurationName = Release;
		};
		F563C31117EF7C9200460385 /* Build configuration list for PBXNativeTarget "Stony Birds" */ = {
			isa = XCConfigurationList;
			buildConfigurations = (
				F563C31217EF7C9200460385 /* Debug */,
				F563C31317EF7C9200460385 /* Release */,
			);
			defaultConfigurationIsVisible = 0;
		};
		F563C31417EF7C9200460385 /* Build configuration list for PBXNativeTarget "Stony BirdsTests" */ = {
			isa = XCConfigurationList;
			buildConfigurations = (
				F563C31517EF7C9200460385 /* Debug */,
				F563C31617EF7C9200460385 /* Release */,
			);
			defaultConfigurationIsVisible = 0;
		};
/* End XCConfigurationList section */
	};
	rootObject = F563C2D017EF7C9200460385 /* Project object */;
}
